{
  "version": "5",
  "specifiers": {
    "jsr:@redvars/log@0.2": "0.2.0",
    "jsr:@std/assert@0.220.1": "0.220.1",
    "jsr:@std/assert@~0.220.1": "0.220.1",
    "jsr:@std/async@~0.220.1": "0.220.1",
    "jsr:@std/bytes@^1.0.6": "1.0.6",
    "jsr:@std/crypto@^1.0.5": "1.1.0",
    "jsr:@std/crypto@^1.1.0": "1.1.0",
    "jsr:@std/data-structures@~0.220.1": "0.220.1",
    "jsr:@std/fmt@~0.220.1": "0.220.1",
    "jsr:@std/fs@~0.220.1": "0.220.1",
    "jsr:@std/path@~0.220.1": "0.220.1",
    "jsr:@std/testing@0.220.1": "0.220.1",
    "jsr:@std/uuid@^1.1.0": "1.1.1",
    "jsr:@utility/types@0.4.0": "0.4.0",
    "npm:@opentelemetry/api-logs@0.220": "0.220.0",
    "npm:@opentelemetry/api@^1.9.0": "1.9.1",
    "npm:@opentelemetry/core@^2.9.0": "2.9.0_@opentelemetry+api@1.9.1",
    "npm:@opentelemetry/resources@^2.9.0": "2.9.0_@opentelemetry+api@1.9.1",
    "npm:@opentelemetry/sdk-logs@0.220": "0.220.0_@opentelemetry+api@1.9.1",
    "npm:pg-cursor@2.10.5": "2.10.5_pg@8.11.5",
    "npm:pg-format@^1.0.4": "1.0.4",
    "npm:pg-minify@1.6.4": "1.6.4",
    "npm:pg@8.11.5": "8.11.5"
  },
  "jsr": {
    "@redvars/log@0.2.0": {
      "integrity": "e21fa139da7c30cf783cf674ee7b7f487c3706551869e70a4055d65a489ba7f7",
      "dependencies": [
        "npm:@opentelemetry/api",
        "npm:@opentelemetry/api-logs",
        "npm:@opentelemetry/core",
        "npm:@opentelemetry/resources",
        "npm:@opentelemetry/sdk-logs"
      ]
    },
    "@std/assert@0.220.1": {
      "integrity": "88710d54f3afdd7a5761e7805abba1f56cd14e4b212feffeb3e73a9f77482425",
      "dependencies": [
        "jsr:@std/fmt"
      ]
    },
    "@std/async@0.220.1": {
      "integrity": "61f0e9c53bf81f516aa7f54843f307eb5f05c5cf9902575a636ead162b5dfafe"
    },
    "@std/bytes@1.0.6": {
      "integrity": "f6ac6adbd8ccd99314045f5703e23af0a68d7f7e58364b47d2c7f408aeb5820a"
    },
    "@std/crypto@1.1.0": {
      "integrity": "b8d6d0a6377a32b213af2661ed7bf1062d94feac0c57def5526a8e74a95c3ec8"
    },
    "@std/data-structures@0.220.1": {
      "integrity": "031c2982782f4284813c33f904d9e948fb369bc7f830d43fb05355c96a30435b"
    },
    "@std/fmt@0.220.1": {
      "integrity": "3b1a698477a26b1dacbbee26db1a65030a005c6d71db3b3a0e59f8a638f04d7a"
    },
    "@std/fs@0.220.1": {
      "integrity": "7fe79c08e9e2ea6818b05f271ddba07eaed7e6dac7ce7cfb35e3f8521aa18fc1",
      "dependencies": [
        "jsr:@std/path"
      ]
    },
    "@std/path@0.220.1": {
      "integrity": "cc63c1b5e5192e2f718dc2f365a3514fffb26cc0380959bab0f8fb5988a52f0c"
    },
    "@std/testing@0.220.1": {
      "integrity": "be77cc1df543f70217d450612637f9f6fcc6887f19fca89665ce08456ee1f290",
      "dependencies": [
        "jsr:@std/assert@~0.220.1",
        "jsr:@std/async",
        "jsr:@std/data-structures",
        "jsr:@std/fmt",
        "jsr:@std/fs",
        "jsr:@std/path"
      ]
    },
    "@std/uuid@1.1.1": {
      "integrity": "7b49060282d90f72fec64952f8c7a2914cbe6fdba3eca665f8cedc90830154a7",
      "dependencies": [
        "jsr:@std/bytes",
        "jsr:@std/crypto@^1.1.0"
      ]
    },
    "@utility/types@0.4.0": {
      "integrity": "6853c8e37b630a62753022ad723bb961d39d76d96a4d2a0a5ba82a14f341b718"
    }
  },
  "npm": {
    "@opentelemetry/api-logs@0.220.0": {
      "integrity": "sha512-CmVa4ImJ+ynfrPMNaAXHET6Bhb44SwzmfyVJFq9ni2jgXJR/l7C6gfVFddNmHP+ZOkP9cf4f9DBe68qVLTHc9w==",
      "dependencies": [
        "@opentelemetry/api"
      ]
    },
    "@opentelemetry/api@1.9.1": {
      "integrity": "sha512-gLyJlPHPZYdAk1JENA9LeHejZe1Ti77/pTeFm/nMXmQH/HFZlcS/O2XJB+L8fkbrNSqhdtlvjBVjxwUYanNH5Q=="
    },
    "@opentelemetry/core@2.9.0_@opentelemetry+api@1.9.1": {
      "integrity": "sha512-m2nckMT80NnmjTYSPjJQObBJ+8dgkoajEOUbznL8AHZ3T3yHRk2P7gI1PhEBc1+lOnrYE9UWrWHqJDsmqjmNbw==",
      "dependencies": [
        "@opentelemetry/api",
        "@opentelemetry/semantic-conventions"
      ]
    },
    "@opentelemetry/resources@2.9.0_@opentelemetry+api@1.9.1": {
      "integrity": "sha512-jyA5MBLQ+Dkl3+JsZkUoUvL7yHvU64kLsvpXKarWm6347Sl1t1bXFTFykUePNpT5WH5pm9a2Qtt03iIYQhZ1Fg==",
      "dependencies": [
        "@opentelemetry/api",
        "@opentelemetry/core",
        "@opentelemetry/semantic-conventions"
      ]
    },
    "@opentelemetry/sdk-logs@0.220.0_@opentelemetry+api@1.9.1": {
      "integrity": "sha512-WywcTkQtv2iNmt+6y5Kcd4rzvx9bLVsBa2Nwcmg01IUaBTkTow3W4d9KE5vNBpEDtb9tp21WcRBY/lANRrApYA==",
      "dependencies": [
        "@opentelemetry/api",
        "@opentelemetry/api-logs",
        "@opentelemetry/core",
        "@opentelemetry/resources",
        "@opentelemetry/semantic-conventions"
      ]
    },
    "@opentelemetry/semantic-conventions@1.41.1": {
      "integrity": "sha512-/UhIkaZgPutTFmQ7RnIJGgDXZmtEJ7Dvi86xNTFWcnRxVRNk/aotsqDJYeEvDP+FSMB2SdW+pQzNMcWP0rwuNA=="
    },
    "pg-cloudflare@1.4.0": {
      "integrity": "sha512-Vo7z/6rrQYxpNRylp4Tlob2elzbh+N/MOQbxFVWCxS7oEx6jF53GTJFxK2WWpKuBRkmiin4Mt+xofFDjx09R0A=="
    },
    "pg-connection-string@2.14.0": {
      "integrity": "sha512-XwWDGcLRGCXAR8F/AM5bG7Q+A3Wm2s6QeEjlOKZLlH3UYcguiqCWKyWXVag5TLTIjR7oOJUY8kcADaZgWPyLeg=="
    },
    "pg-cursor@2.10.5_pg@8.11.5": {
      "integrity": "sha512-wzgmyk+k9mwuYe30ylLA6qRWw2TBFSee4Bw23oTz66YL9RdRJjDi2TaROMMF+V3QB6QWB3FFCju22loDftjKkw==",
      "dependencies": [
        "pg"
      ]
    },
    "pg-format@1.0.4": {
      "integrity": "sha512-YyKEF78pEA6wwTAqOUaHIN/rWpfzzIuMh9KdAhc3rSLQ/7zkRFcCgYBAEGatDstLyZw4g0s9SNICmaTGnBVeyw=="
    },
    "pg-int8@1.0.1": {
      "integrity": "sha512-WCtabS6t3c8SkpDBUlb1kjOs7l66xsGdKpIPZsg4wR+B3+u9UAum2odSsF9tnvxg80h4ZxLWMy4pRjOsFIqQpw=="
    },
    "pg-minify@1.6.4": {
      "integrity": "sha512-cf6hBt1YqzqPX0OznXKSv4U7e4o7eUU4zp2zQsbJ+4OCNNr7EnnAVWkIz4k0dv6UN4ouS1ZL4WlXxCrZHHl69g=="
    },
    "pg-pool@3.14.0_pg@8.11.5": {
      "integrity": "sha512-gKtPkFdQPU3DksooVLi9LsjZxrsBUZIpa+7aVx+LV5pNh0KzP4Zleud2po+ConrxbuXGBJ6Hfer6hdgpIBpBaw==",
      "dependencies": [
        "pg"
      ]
    },
    "pg-protocol@1.15.0": {
      "integrity": "sha512-cq9sECI5s0+uPUXjbz8ioyPJni6RzsRib0US67i5IoTZKw8fNeYlVE7u8F4dG7vEJJtc5wdD1K189lCCUwqWTQ=="
    },
    "pg-types@2.2.0": {
      "integrity": "sha512-qTAAlrEsl8s4OiEQY69wDvcMIdQN6wdz5ojQiOy6YRMuynxenON0O5oCpJI6lshc6scgAY8qvJ2On/p+CXY0GA==",
      "dependencies": [
        "pg-int8",
        "postgres-array",
        "postgres-bytea",
        "postgres-date",
        "postgres-interval"
      ]
    },
    "pg@8.11.5": {
      "integrity": "sha512-jqgNHSKL5cbDjFlHyYsCXmQDrfIX/3RsNwYqpd4N0Kt8niLuNoRNH+aazv6cOd43gPh9Y4DjQCtb+X0MH0Hvnw==",
      "dependencies": [
        "pg-connection-string",
        "pg-pool",
        "pg-protocol",
        "pg-types",
        "pgpass"
      ],
      "optionalDependencies": [
        "pg-cloudflare"
      ]
    },
    "pgpass@1.0.6": {
      "integrity": "sha512-lqIfH7bdgsxHAY/ZnUOwm+aCFKrsHBDhSFuk9O0B9uCqJAIkrKTo/+LQqLPLUS4e04+jCmQVikxE3QipH5chPw=="
    },
    "postgres-array@2.0.0": {
      "integrity": "sha512-VpZrUqU5A69eQyW2c5CA1jtLecCsN2U/bD6VilrFDWq5+5UIEVO7nazS3TEcHf1zuPYO/sqGvUvW62g86RXZuA=="
    },
    "postgres-bytea@1.0.1": {
      "integrity": "sha512-5+5HqXnsZPE65IJZSMkZtURARZelel2oXUEO8rH83VS/hxH5vv1uHquPg5wZs8yMAfdv971IU+kcPUczi7NVBQ=="
    },
    "postgres-date@1.0.7": {
      "integrity": "sha512-suDmjLVQg78nMK2UZ454hAG+OAW+HQPZ6n++TNDUX+L0+uUlLywnoxJKDou51Zm+zTCjrCl0Nq6J9C5hP9vK/Q=="
    },
    "postgres-interval@1.2.0": {
      "integrity": "sha512-9ZhXKM/rw350N1ovuWHbGxnGh/SNJ4cnxHiM0rxE4VN41wsg8P8zWn9hv/buK00RP4WvlOyr/RBDiptyxVbkZQ==",
      "dependencies": [
        "xtend"
      ]
    },
    "xtend@4.0.2": {
      "integrity": "sha512-LKYU1iAXJXUgAXn9URjiu+MWhyUXHsvfp7mcuYm9dSUKK0/CjtrUwFAxD82/mCWbtLsGjFIad0wIsod4zrTAEQ=="
    }
  },
  "workspace": {
    "dependencies": [
      "jsr:@redvars/log@0.2",
      "jsr:@std/assert@0.220.1",
      "jsr:@std/crypto@^1.0.5",
      "jsr:@std/testing@0.220.1",
      "jsr:@std/uuid@^1.1.0",
      "jsr:@utility/types@0.4.0",
      "npm:@opentelemetry/api@^1.9.0",
      "npm:pg-cursor@2.10.5",
      "npm:pg-format@^1.0.4",
      "npm:pg-minify@1.6.4",
      "npm:pg@8.11.5"
    ]
  }
}
